
Microsoft Visual Studio Solution File, Format Version 12.00
# Visual Studio Version 16
VisualStudioVersion = 16.0.31205.134
MinimumVisualStudioVersion = 10.0.40219.1
Project("{FAE04EC0-301F-11D3-BF4B-00C04F79EFBC}") = "TechTesBRI", "TechTesBRI\TechTesBRI.csproj", "{E2B13A8A-C048-4B84-B4E4-0788A9DE2CB1}"
EndProject
Global
	GlobalSection(SolutionConfigurationPlatforms) = preSolution
		Debug|Any CPU = Debug|Any CPU
		Release|Any CPU = Release|Any CPU
	EndGlobalSection
	GlobalSection(ProjectConfigurationPlatforms) = postSolution
		{E2B13A8A-C048-4B84-B4E4-0788A9DE2CB1}.Debug|Any CPU.ActiveCfg = Debug|Any CPU
		{E2B13A8A-C048-4B84-B4E4-0788A9DE2CB1}.Debug|Any CPU.Build.0 = Debug|Any CPU
		{E2B13A8A-C048-4B84-B4E4-0788A9DE2CB1}.Release|Any CPU.ActiveCfg = Release|Any CPU
		{E2B13A8A-C048-4B84-B4E4-0788A9DE2CB1}.Release|Any CPU.Build.0 = Release|Any CPU
	EndGlobalSection
	GlobalSection(SolutionProperties) = preSolution
		HideSolutionNode = FALSE
	EndGlobalSection
	GlobalSection(ExtensibilityGlobals) = postSolution
		SolutionGuid = {2B9C4273-DC13-4B30-A4BE-600DD1107D16}
	EndGlobalSection
EndGlobal
